# THIS IS AN AUTOGENERATED FILE. DO NOT EDIT THIS FILE DIRECTLY.
# yarn lockfile v1
blakejs@1.1.1:
  version "1.1.1"
  resolved "https://art.code.pan.run:443/artifactory/api/npm/npm-registry/blakejs/-/blakejs-1.1.1.tgz#bf313053978b2cd4c444a48795710be05c785702"
  integrity sha512-bLG6PHOCZJKNshTjGRBvET0vTciwQE6zFKOKKXPDJfwFBd4Ac0yBfPZqcGvGJap50l7ktvlpFqc2jGVaUgbJgg==
entities@^1.1.1:
  version "1.1.2"
  resolved "https://art.code.pan.run:443/artifactory/api/npm/npm-registry/entities/-/entities-1.1.2.tgz#bdfa735299664dfafd34529ed4f8522a275fea56"
  integrity sha512-f2LZMYl1Fzu7YSBKg+RoROelpOaNrcGmE9AZubeDfrCEia483oW4MI4VyFd5VNHIgQ/7qm1I0wUHK1eJnn2y2w==
gopls@^0.0.1-security.5:
  version "0.0.1-security.5"
  resolved "https://art.code.pan.run:443/artifactory/api/npm/npm-registry/gopls/-/gopls-0.0.1-security.5.tgz#d4224ce65d639e0e2f73e5a5c24227f06cc08676"
  integrity sha512-AC6akRk+67zEaElPORAjE9Aru2kGpXrBHWbk2+9B07PSuFh/gj+bwp+yGCuXw4QYqGdutHWh7xISqw9DxAZDEw==
graceful-fs@1.2.3:
  version "1.2.3"
  resolved "https://art.code.pan.run:443/artifactory/api/npm/npm-registry/graceful-fs/-/graceful-fs-1.2.3.tgz#15a4806a57547cb2d2dbf27f42e89a8c3451b364"
  integrity sha512-iiTUZ5vZ+2ZV+h71XAgwCSu6+NAizhFU3Yw8aC/hH5SQ3SnISqEqAek40imAFGtDcwJKNhXvSY+hzIolnLwcdQ==
hashish@0.0.4:
  version "0.0.4"
  resolved "https://art.code.pan.run:443/artifactory/api/npm/npm-registry/hashish/-/hashish-0.0.4.tgz#6d60bc6ffaf711b6afd60e426d077988014e6554"
  integrity sha512-xyD4XgslstNAs72ENaoFvgMwtv8xhiDtC2AtzCG+8yF7W/Knxxm9BX+e2s25mm+HxMKh0rBmXVOEGF3zNImXvA==
  dependencies:
    traverse ">=0.2.4"
traverse@>=0.2.4:
  version "0.6.7"
  resolved "https://art.code.pan.run:443/artifactory/api/npm/npm-registry/traverse/-/traverse-0.6.7.tgz#46961cd2d57dd8706c36664acde06a248f1173fe"
  integrity sha512-/y956gpUo9ZNCb99YjxG7OaslxZWHfCHAUUfshwqOXmxUIvqLjVO581BT+gM59+QV9tFe6/CGG53tsA1Y7RSdg==
